
Microsoft Visual Studio Solution File, Format Version 12.00
# Visual Studio Version 16
VisualStudioVersion = 16.0.31613.86
MinimumVisualStudioVersion = 10.0.40219.1
Project("{FAE04EC0-301F-11D3-BF4B-00C04F79EFBC}") = "CT_BTL_Nhom5_BanSua", "CT_BTL_Nhom5_BanSua\CT_BTL_Nhom5_BanSua.csproj", "{61E212B6-7845-454E-BE6E-AC4BE52A880D}"
EndProject
Global
	GlobalSection(SolutionConfigurationPlatforms) = preSolution
		Debug|Any CPU = Debug|Any CPU
		Release|Any CPU = Release|Any CPU
	EndGlobalSection
	GlobalSection(ProjectConfigurationPlatforms) = postSolution
		{61E212B6-7845-454E-BE6E-AC4BE52A880D}.Debug|Any CPU.ActiveCfg = Debug|Any CPU
		{61E212B6-7845-454E-BE6E-AC4BE52A880D}.Debug|Any CPU.Build.0 = Debug|Any CPU
		{61E212B6-7845-454E-BE6E-AC4BE52A880D}.Release|Any CPU.ActiveCfg = Release|Any CPU
		{61E212B6-7845-454E-BE6E-AC4BE52A880D}.Release|Any CPU.Build.0 = Release|Any CPU
	EndGlobalSection
	GlobalSection(SolutionProperties) = preSolution
		HideSolutionNode = FALSE
	EndGlobalSection
	GlobalSection(ExtensibilityGlobals) = postSolution
		SolutionGuid = {ED9C7A9F-236A-480D-9DBB-DD2342306FD0}
	EndGlobalSection
EndGlobal
